
Microsoft Visual Studio Solution File, Format Version 12.00
# Visual Studio Version 17
VisualStudioVersion = 17.2.32616.157
MinimumVisualStudioVersion = 10.0.40219.1
Project("{FAE04EC0-301F-11D3-BF4B-00C04F79EFBC}") = "JobcanAutoPush", "JobcanAutoPush.csproj", "{227EAE2F-D487-458F-91C3-E92E3124CAE2}"
EndProject
Global
	GlobalSection(SolutionConfigurationPlatforms) = preSolution
		Debug|Any CPU = Debug|Any CPU
		Release|Any CPU = Release|Any CPU
	EndGlobalSection
	GlobalSection(ProjectConfigurationPlatforms) = postSolution
		{227EAE2F-D487-458F-91C3-E92E3124CAE2}.Debug|Any CPU.ActiveCfg = Debug|Any CPU
		{227EAE2F-D487-458F-91C3-E92E3124CAE2}.Debug|Any CPU.Build.0 = Debug|Any CPU
		{227EAE2F-D487-458F-91C3-E92E3124CAE2}.Release|Any CPU.ActiveCfg = Release|Any CPU
		{227EAE2F-D487-458F-91C3-E92E3124CAE2}.Release|Any CPU.Build.0 = Release|Any CPU
	EndGlobalSection
	GlobalSection(SolutionProperties) = preSolution
		HideSolutionNode = FALSE
	EndGlobalSection
	GlobalSection(ExtensibilityGlobals) = postSolution
		SolutionGuid = {A10B5323-E4A7-49D6-A22C-21CA739CB022}
	EndGlobalSection
EndGlobal
